{
  "name": "asp.net",
  "version": "1.0.0",
  "lockfileVersion": 1,
  "requires": true,
  "dependencies": {
    "@ckeditor/ckeditor5-clipboard": {
      "version": "27.1.0",
      "resolved": "https://registry.npmjs.org/@ckeditor/ckeditor5-clipboard/-/ckeditor5-clipboard-27.1.0.tgz",
      "integrity": "sha512-nJnJgv8Fuqol2cl6CkbSDwjCu3y8pTS5Y/KJnA/JnTG0QcZczdQTjMIFl3ZP2/53JR5QekATIKmp1wcUAP/L1A==",
      "requires": {
        "@ckeditor/ckeditor5-core": "^27.1.0",
        "@ckeditor/ckeditor5-engine": "^27.1.0",
        "@ckeditor/ckeditor5-utils": "^27.1.0",
        "@ckeditor/ckeditor5-widget": "^27.1.0",
        "lodash-es": "^4.17.11"
      }
    },
    "@ckeditor/ckeditor5-core": {
      "version": "27.1.0",
      "resolved": "https://registry.npmjs.org/@ckeditor/ckeditor5-core/-/ckeditor5-core-27.1.0.tgz",
      "integrity": "sha512-4K30Qw2jYHMt6Yk4+Covi4b39XO3znM7/VPRh7mcq/MBbHxK4dTrX/UBWtsYrgFBg6KPteNKU03aT9GDMsbvBw==",
      "requires": {
        "@ckeditor/ckeditor5-engine": "^27.1.0",
        "@ckeditor/ckeditor5-ui": "^27.1.0",
        "@ckeditor/ckeditor5-utils": "^27.1.0",
        "lodash-es": "^4.17.15"
      }
    },
    "@ckeditor/ckeditor5-engine": {
      "version": "27.1.0",
      "resolved": "https://registry.npmjs.org/@ckeditor/ckeditor5-engine/-/ckeditor5-engine-27.1.0.tgz",
      "integrity": "sha512-lGvIYexhhCTo5lZqf8EqS25hCpayPY/wQZXvnReFylB24aztUacOBYK2sgNOmwBnzKjpv90Y7GKEpdDL/8CDSg==",
      "requires": {
        "@ckeditor/ckeditor5-utils": "^27.1.0",
        "lodash-es": "^4.17.15"
      }
    },
    "@ckeditor/ckeditor5-enter": {
      "version": "27.1.0",
      "resolved": "https://registry.npmjs.org/@ckeditor/ckeditor5-enter/-/ckeditor5-enter-27.1.0.tgz",
      "integrity": "sha512-vqldhUklSYQhpZDXyVJ9dEvl9zK0V8L5kPXicsONaICmnRO0uRD9Q2zIyv+R62sIrTvF3fTJvDCH4kjZog09lQ==",
      "requires": {
        "@ckeditor/ckeditor5-core": "^27.1.0",
        "@ckeditor/ckeditor5-engine": "^27.1.0",
        "@ckeditor/ckeditor5-utils": "^27.1.0"
      }
    },
    "@ckeditor/ckeditor5-paragraph": {
      "version": "27.1.0",
      "resolved": "https://registry.npmjs.org/@ckeditor/ckeditor5-paragraph/-/ckeditor5-paragraph-27.1.0.tgz",
      "integrity": "sha512-zNy+GzWgcf0Oo/AshtwDbfgwQ8UlR1rs3tQpSPyYU7/8FbrqrdVv6JUzUlsBqcMHi06O+RT4HT5yFEaOYYbUVg==",
      "requires": {
        "@ckeditor/ckeditor5-core": "^27.1.0",
        "@ckeditor/ckeditor5-ui": "^27.1.0",
        "@ckeditor/ckeditor5-utils": "^27.1.0"
      }
    },
    "@ckeditor/ckeditor5-select-all": {
      "version": "27.1.0",
      "resolved": "https://registry.npmjs.org/@ckeditor/ckeditor5-select-all/-/ckeditor5-select-all-27.1.0.tgz",
      "integrity": "sha512-vTFgOpKNOLmBYEaK6pA/7XFzUZ6jaXChLVk1PW5LpfadAZ01xlL8ZK3YF4ZIQSjKct6LJgCF3BqfKpWgHvnObw==",
      "requires": {
        "@ckeditor/ckeditor5-core": "^27.1.0",
        "@ckeditor/ckeditor5-ui": "^27.1.0",
        "@ckeditor/ckeditor5-utils": "^27.1.0"
      }
    },
    "@ckeditor/ckeditor5-typing": {
      "version": "27.1.0",
      "resolved": "https://registry.npmjs.org/@ckeditor/ckeditor5-typing/-/ckeditor5-typing-27.1.0.tgz",
      "integrity": "sha512-MfwNEYaAuaz1kPyHwfT1gtRE4DwnjaYwRbW9EH53Dsu+eSTCAc/4A0z+VVJ4aBlRADkPeNAQ3ecK0kVJNb55yw==",
      "requires": {
        "@ckeditor/ckeditor5-core": "^27.1.0",
        "@ckeditor/ckeditor5-engine": "^27.1.0",
        "@ckeditor/ckeditor5-utils": "^27.1.0",
        "lodash-es": "^4.17.15"
      }
    },
    "@ckeditor/ckeditor5-ui": {
      "version": "27.1.0",
      "resolved": "https://registry.npmjs.org/@ckeditor/ckeditor5-ui/-/ckeditor5-ui-27.1.0.tgz",
      "integrity": "sha512-rGzGjgxSZjKFpkUB0MjpvYqQW9lZNVinBpBgOD/j0Q8OZ/HohLIJJBRaQbEKLJgIR0BXPNPQSC4NQt44Vc1YBw==",
      "requires": {
        "@ckeditor/ckeditor5-utils": "^27.1.0",
        "ckeditor5": "^27.1.0",
        "lodash-es": "^4.17.15"
      }
    },
    "@ckeditor/ckeditor5-undo": {
      "version": "27.1.0",
      "resolved": "https://registry.npmjs.org/@ckeditor/ckeditor5-undo/-/ckeditor5-undo-27.1.0.tgz",
      "integrity": "sha512-Z/iBrfcXgYOj5NBgqZqodvQ0tMhIqaErMamIX2DU0XCUbcWDomU+z5gHAHj6JzmX8C3cwpOhivOvgX2A+dUvAg==",
      "requires": {
        "@ckeditor/ckeditor5-core": "^27.1.0",
        "@ckeditor/ckeditor5-engine": "^27.1.0",
        "@ckeditor/ckeditor5-ui": "^27.1.0"
      }
    },
    "@ckeditor/ckeditor5-upload": {
      "version": "27.1.0",
      "resolved": "https://registry.npmjs.org/@ckeditor/ckeditor5-upload/-/ckeditor5-upload-27.1.0.tgz",
      "integrity": "sha512-VYqvxl8zI9C2Lt3RFlqJv8li0p3yRCRpnyU1yRCzQCwihZMq4nK111C6IBAiUt7cdWPVPfP8vlPKzA2S0q1Tig==",
      "requires": {
        "@ckeditor/ckeditor5-core": "^27.1.0",
        "@ckeditor/ckeditor5-ui": "^27.1.0",
        "@ckeditor/ckeditor5-utils": "^27.1.0"
      }
    },
    "@ckeditor/ckeditor5-utils": {
      "version": "27.1.0",
      "resolved": "https://registry.npmjs.org/@ckeditor/ckeditor5-utils/-/ckeditor5-utils-27.1.0.tgz",
      "integrity": "sha512-7hFK2jUmUJEcgYITr0YtXVf1/FZkOPgMG/wAkOfpd2EYZJ31szNXVFRiYucmxpdRYvqJ4F1YsQQcRITcMc5twg==",
      "requires": {
        "lodash-es": "^4.17.15"
      }
    },
    "@ckeditor/ckeditor5-widget": {
      "version": "27.1.0",
      "resolved": "https://registry.npmjs.org/@ckeditor/ckeditor5-widget/-/ckeditor5-widget-27.1.0.tgz",
      "integrity": "sha512-DpdwcWjXKHxoOZmFmc+2vIq8Nr4hA5140zxO3IIMrUiydcZJyOp2atHiPV7idBi5gR8ct+asQ3nW+cwVELQuhQ==",
      "requires": {
        "@ckeditor/ckeditor5-core": "^27.1.0",
        "@ckeditor/ckeditor5-engine": "^27.1.0",
        "@ckeditor/ckeditor5-enter": "^27.1.0",
        "@ckeditor/ckeditor5-typing": "^27.1.0",
        "@ckeditor/ckeditor5-ui": "^27.1.0",
        "@ckeditor/ckeditor5-utils": "^27.1.0",
        "lodash-es": "^4.17.15"
      }
    },
    "@fortawesome/fontawesome-free": {
      "version": "5.15.3",
      "resolved": "https://registry.npmjs.org/@fortawesome/fontawesome-free/-/fontawesome-free-5.15.3.tgz",
      "integrity": "sha512-rFnSUN/QOtnOAgqFRooTA3H57JLDm0QEG/jPdk+tLQNL/eWd+Aok8g3qCI+Q1xuDPWpGW/i9JySpJVsq8Q0s9w=="
    },
    "async": {
      "version": "2.6.3",
      "resolved": "https://registry.npmjs.org/async/-/async-2.6.3.tgz",
      "integrity": "sha512-zflvls11DCy+dQWzTW2dzuilv8Z5X/pjfmZOWba6TNIVDm+2UDaJmXSOXlasHKfNBs8oo3M0aT50fDEWfKZjXg==",
      "requires": {
        "lodash": "^4.17.14"
      }
    },
    "bootstrap": {
      "version": "4.6.0",
      "resolved": "https://registry.npmjs.org/bootstrap/-/bootstrap-4.6.0.tgz",
      "integrity": "sha512-Io55IuQY3kydzHtbGvQya3H+KorS/M9rSNyfCGCg9WZ4pyT/lCxIlpJgG1GXW/PswzC84Tr2fBYi+7+jFVQQBw=="
    },
    "ckeditor5": {
      "version": "27.1.0",
      "resolved": "https://registry.npmjs.org/ckeditor5/-/ckeditor5-27.1.0.tgz",
      "integrity": "sha512-XBoMqrML4mmQozSBXgZfFUBJPN3ErTls0wQhP8YkOiglhNXSBaLIE07QKcB0/H/lA2luqxijJGSXw7sr5SWE1A==",
      "requires": {
        "@ckeditor/ckeditor5-clipboard": "^27.1.0",
        "@ckeditor/ckeditor5-core": "^27.1.0",
        "@ckeditor/ckeditor5-engine": "^27.1.0",
        "@ckeditor/ckeditor5-enter": "^27.1.0",
        "@ckeditor/ckeditor5-paragraph": "^27.1.0",
        "@ckeditor/ckeditor5-select-all": "^27.1.0",
        "@ckeditor/ckeditor5-typing": "^27.1.0",
        "@ckeditor/ckeditor5-ui": "^27.1.0",
        "@ckeditor/ckeditor5-undo": "^27.1.0",
        "@ckeditor/ckeditor5-upload": "^27.1.0",
        "@ckeditor/ckeditor5-utils": "^27.1.0",
        "@ckeditor/ckeditor5-widget": "^27.1.0"
      }
    },
    "ckeditor5-custom-build-inline-full": {
      "version": "24.0.11",
      "resolved": "https://registry.npmjs.org/ckeditor5-custom-build-inline-full/-/ckeditor5-custom-build-inline-full-24.0.11.tgz",
      "integrity": "sha512-6/hdIxWt3CbqmEK2YTmdmhOeXq8UNLWoYc96EI8gA9khoee57uXm1YFpWs3XiS95RpfJcAMpuM5UE5LiUFh0JQ=="
    },
    "duplexer": {
      "version": "0.1.2",
      "resolved": "https://registry.npmjs.org/duplexer/-/duplexer-0.1.2.tgz",
      "integrity": "sha512-jtD6YG370ZCIi/9GTaJKQxWTZD045+4R4hTk/x1UyoqadyJ9x9CgSi1RlVDQF8U2sxLLSnFkCaMihqljHIWgMg=="
    },
    "event-stream": {
      "version": "4.0.1",
      "resolved": "https://registry.npmjs.org/event-stream/-/event-stream-4.0.1.tgz",
      "integrity": "sha512-qACXdu/9VHPBzcyhdOWR5/IahhGMf0roTeZJfzz077GwylcDd90yOHLouhmv7GJ5XzPi6ekaQWd8AvPP2nOvpA==",
      "requires": {
        "duplexer": "^0.1.1",
        "from": "^0.1.7",
        "map-stream": "0.0.7",
        "pause-stream": "^0.0.11",
        "split": "^1.0.1",
        "stream-combiner": "^0.2.2",
        "through": "^2.3.8"
      }
    },
    "from": {
      "version": "0.1.7",
      "resolved": "https://registry.npmjs.org/from/-/from-0.1.7.tgz",
      "integrity": "sha1-g8YK/Fi5xWmXAH7Rp2izqzA6RP4="
    },
    "jquery": {
      "version": "3.6.0",
      "resolved": "https://registry.npmjs.org/jquery/-/jquery-3.6.0.tgz",
      "integrity": "sha512-JVzAR/AjBvVt2BmYhxRCSYysDsPcssdmTFnzyLEts9qNwmjmu4JTAMYubEfwVOSwpQ1I1sKKFcxhZCI2buerfw=="
    },
    "jquery-validation": {
      "version": "1.19.3",
      "resolved": "https://registry.npmjs.org/jquery-validation/-/jquery-validation-1.19.3.tgz",
      "integrity": "sha512-iXxCS5W7STthSTMFX/NDZfWHBLbJ1behVK3eAgHXAV8/0vRa9M4tiqHvJMr39VGWHMGdlkhrtrkBuaL2UlE8yw=="
    },
    "jquery-validation-unobtrusive": {
      "version": "3.2.12",
      "resolved": "https://registry.npmjs.org/jquery-validation-unobtrusive/-/jquery-validation-unobtrusive-3.2.12.tgz",
      "integrity": "sha512-kPixGhVcuat7vZXngGFfSIksy4VlzZcHyRgnBIZdsfVneCU+D5sITC8T8dD/9c9K/Q+qkMlgp7ufJHz93nKSuQ==",
      "requires": {
        "jquery": "^3.5.1",
        "jquery-validation": ">=1.16"
      }
    },
    "lodash": {
      "version": "4.17.21",
      "resolved": "https://registry.npmjs.org/lodash/-/lodash-4.17.21.tgz",
      "integrity": "sha512-v2kDEe57lecTulaDIuNTPy3Ry4gLGJ6Z1O3vE1krgXZNrsQ+LFTGHVxVjcXPs17LhbZVGedAJv8XZ1tvj5FvSg=="
    },
    "lodash-es": {
      "version": "4.17.21",
      "resolved": "https://registry.npmjs.org/lodash-es/-/lodash-es-4.17.21.tgz",
      "integrity": "sha512-mKnC+QJ9pWVzv+C4/U3rRsHapFfHvQFoFB92e52xeyGMcX6/OlIl78je1u8vePzYZSkkogMPJ2yjxxsb89cxyw=="
    },
    "lodash.assign": {
      "version": "4.2.0",
      "resolved": "https://registry.npmjs.org/lodash.assign/-/lodash.assign-4.2.0.tgz",
      "integrity": "sha1-DZnzzNem0mHRm9rrkkUAXShYCOc="
    },
    "map-stream": {
      "version": "0.0.7",
      "resolved": "https://registry.npmjs.org/map-stream/-/map-stream-0.0.7.tgz",
      "integrity": "sha1-ih8HiW2CsQkmvTdEokIACfiJdKg="
    },
    "mingo": {
      "version": "1.3.3",
      "resolved": "https://registry.npmjs.org/mingo/-/mingo-1.3.3.tgz",
      "integrity": "sha1-aSLE0Ufvx3GgFCWixMj3eER4xUY="
    },
    "pause-stream": {
      "version": "0.0.11",
      "resolved": "https://registry.npmjs.org/pause-stream/-/pause-stream-0.0.11.tgz",
      "integrity": "sha1-/lo0sMvOErWqaitAPuLnO2AvFEU=",
      "requires": {
        "through": "~2.3"
      }
    },
    "save": {
      "version": "2.4.0",
      "resolved": "https://registry.npmjs.org/save/-/save-2.4.0.tgz",
      "integrity": "sha512-wd5L2uVnsKYkIUaK6i8Ie66IOHaI328gMF0MPuTJtYOjXgUolC33LSIk7Qr8WVA55QHaGwfiVS8a7EFIeGOR3w==",
      "requires": {
        "async": "^2.6.2",
        "event-stream": "^4.0.1",
        "lodash.assign": "^4.2.0",
        "mingo": "1"
      }
    },
    "split": {
      "version": "1.0.1",
      "resolved": "https://registry.npmjs.org/split/-/split-1.0.1.tgz",
      "integrity": "sha512-mTyOoPbrivtXnwnIxZRFYRrPNtEFKlpB2fvjSnCQUiAA6qAZzqwna5envK4uk6OIeP17CsdF3rSBGYVBsU0Tkg==",
      "requires": {
        "through": "2"
      }
    },
    "stream-combiner": {
      "version": "0.2.2",
      "resolved": "https://registry.npmjs.org/stream-combiner/-/stream-combiner-0.2.2.tgz",
      "integrity": "sha1-rsjLrBd7Vrb0+kec7YwZEs7lKFg=",
      "requires": {
        "duplexer": "~0.1.1",
        "through": "~2.3.4"
      }
    },
    "through": {
      "version": "2.3.8",
      "resolved": "https://registry.npmjs.org/through/-/through-2.3.8.tgz",
      "integrity": "sha1-DdTJ/6q8NXlgsbckEV1+Doai4fU="
    }
  }
}
